// !$*UTF8*$!
{
	archiveVersion = 1;
	classes = {
	};
	objectVersion = 56;
	objects = {

/* Begin PBXBuildFile section */
		35051C5028FD551200315407 /* DictionaryLookup.swift in Sources */ = {isa = PBXBuildFile; fileRef = 35051C4F28FD551200315407 /* DictionaryLookup.swift */; };
		3562C29929084C51004497D6 /* Paragraph.swift in Sources */ = {isa = PBXBuildFile; fileRef = 3562C29829084C51004497D6 /* Paragraph.swift */; };
		356A455028E5C47B0067999E /* ERAApp.swift in Sources */ = {isa = PBXBuildFile; fileRef = 356A454F28E5C47B0067999E /* ERAApp.swift */; };
		356A455228E5C47B0067999E /* ContentView.swift in Sources */ = {isa = PBXBuildFile; fileRef = 356A455128E5C47B0067999E /* ContentView.swift */; };
		356A455428E5C47E0067999E /* Assets.xcassets in Resources */ = {isa = PBXBuildFile; fileRef = 356A455328E5C47E0067999E /* Assets.xcassets */; };
		356A455728E5C47E0067999E /* Preview Assets.xcassets in Resources */ = {isa = PBXBuildFile; fileRef = 356A455628E5C47E0067999E /* Preview Assets.xcassets */; };
		356A456528E5C61A0067999E /* DocumentCameraView.swift in Sources */ = {isa = PBXBuildFile; fileRef = 356A456428E5C61A0067999E /* DocumentCameraView.swift */; };
		356E87B0291826F000CB2F0B /* FontPickerWrapper.swift in Sources */ = {isa = PBXBuildFile; fileRef = 356E87AF291826F000CB2F0B /* FontPickerWrapper.swift */; };
		35805C4D28FB5E0300217169 /* DocumentEditor.swift in Sources */ = {isa = PBXBuildFile; fileRef = 35805C4C28FB5E0300217169 /* DocumentEditor.swift */; };
		3585B8B129292A910087BA67 /* FileExplorer.swift in Sources */ = {isa = PBXBuildFile; fileRef = 3585B8B029292A910087BA67 /* FileExplorer.swift */; };
		3589C591293BDD6700A805F6 /* Help.swift in Sources */ = {isa = PBXBuildFile; fileRef = 3589C590293BDD6700A805F6 /* Help.swift */; };
		3598E739291066FF00F449F6 /* EditPencil.swift in Sources */ = {isa = PBXBuildFile; fileRef = 3598E738291066FF00F449F6 /* EditPencil.swift */; };
		35A63FAD2962FE6D007180EF /* HelpWidgets.swift in Sources */ = {isa = PBXBuildFile; fileRef = 35A63FAC2962FE6D007180EF /* HelpWidgets.swift */; };
		35AAB697292A61FB002B0D72 /* ERA.xcdatamodeld in Sources */ = {isa = PBXBuildFile; fileRef = 35AAB695292A61FB002B0D72 /* ERA.xcdatamodeld */; };
		35AAB699292A84DC002B0D72 /* DataController.swift in Sources */ = {isa = PBXBuildFile; fileRef = 35AAB698292A84DC002B0D72 /* DataController.swift */; };
		35BCD57B290AB41C00FC5588 /* OptionBar.swift in Sources */ = {isa = PBXBuildFile; fileRef = 35BCD57A290AB41C00FC5588 /* OptionBar.swift */; };
		35BCD57D290ACA0300FC5588 /* OnboardSubView.swift in Sources */ = {isa = PBXBuildFile; fileRef = 35BCD57C290ACA0300FC5588 /* OnboardSubView.swift */; };
		35BCD57F290ACA4400FC5588 /* OnboardingView.swift in Sources */ = {isa = PBXBuildFile; fileRef = 35BCD57E290ACA4400FC5588 /* OnboardingView.swift */; };
		35BEE0E02913E2B5006AAD86 /* Utils.swift in Sources */ = {isa = PBXBuildFile; fileRef = 35BEE0DF2913E2B5006AAD86 /* Utils.swift */; };
		35C5FA5C2905E9B20007ABEB /* Menu.swift in Sources */ = {isa = PBXBuildFile; fileRef = 35C5FA5B2905E9B20007ABEB /* Menu.swift */; };
		35D3B9B528F327E800CA578D /* Settings.swift in Sources */ = {isa = PBXBuildFile; fileRef = 35D3B9B428F327E800CA578D /* Settings.swift */; };
		35E6F1B0291A806600E7FBDE /* SwiftUITooltip in Frameworks */ = {isa = PBXBuildFile; productRef = 35E6F1AF291A806600E7FBDE /* SwiftUITooltip */; };
		35F6B594292AD79D007BE260 /* EditDocumentProperties.swift in Sources */ = {isa = PBXBuildFile; fileRef = 35F6B593292AD79D007BE260 /* EditDocumentProperties.swift */; };
/* End PBXBuildFile section */

/* Begin PBXFileReference section */
		35051C4F28FD551200315407 /* DictionaryLookup.swift */ = {isa = PBXFileReference; lastKnownFileType = sourcecode.swift; path = DictionaryLookup.swift; sourceTree = "<group>"; };
		3562C29829084C51004497D6 /* Paragraph.swift */ = {isa = PBXFileReference; lastKnownFileType = sourcecode.swift; path = Paragraph.swift; sourceTree = "<group>"; };
		356A454C28E5C47B0067999E /* ERA.app */ = {isa = PBXFileReference; explicitFileType = wrapper.application; includeInIndex = 0; path = ERA.app; sourceTree = BUILT_PRODUCTS_DIR; };
		356A454F28E5C47B0067999E /* ERAApp.swift */ = {isa = PBXFileReference; lastKnownFileType = sourcecode.swift; path = ERAApp.swift; sourceTree = "<group>"; };
		356A455128E5C47B0067999E /* ContentView.swift */ = {isa = PBXFileReference; lastKnownFileType = sourcecode.swift; path = ContentView.swift; sourceTree = "<group>"; };
		356A455328E5C47E0067999E /* Assets.xcassets */ = {isa = PBXFileReference; lastKnownFileType = folder.assetcatalog; path = Assets.xcassets; sourceTree = "<group>"; };
		356A455628E5C47E0067999E /* Preview Assets.xcassets */ = {isa = PBXFileReference; lastKnownFileType = folder.assetcatalog; path = "Preview Assets.xcassets"; sourceTree = "<group>"; };
		356A456428E5C61A0067999E /* DocumentCameraView.swift */ = {isa = PBXFileReference; lastKnownFileType = sourcecode.swift; path = DocumentCameraView.swift; sourceTree = "<group>"; };
		356E87AF291826F000CB2F0B /* FontPickerWrapper.swift */ = {isa = PBXFileReference; lastKnownFileType = sourcecode.swift; path = FontPickerWrapper.swift; sourceTree = "<group>"; };
		35805C4C28FB5E0300217169 /* DocumentEditor.swift */ = {isa = PBXFileReference; lastKnownFileType = sourcecode.swift; path = DocumentEditor.swift; sourceTree = "<group>"; };
		3585B8B029292A910087BA67 /* FileExplorer.swift */ = {isa = PBXFileReference; lastKnownFileType = sourcecode.swift; path = FileExplorer.swift; sourceTree = "<group>"; };
		3589C590293BDD6700A805F6 /* Help.swift */ = {isa = PBXFileReference; lastKnownFileType = sourcecode.swift; path = Help.swift; sourceTree = "<group>"; };
		3598E738291066FF00F449F6 /* EditPencil.swift */ = {isa = PBXFileReference; lastKnownFileType = sourcecode.swift; path = EditPencil.swift; sourceTree = "<group>"; };
		35A63FAC2962FE6D007180EF /* HelpWidgets.swift */ = {isa = PBXFileReference; lastKnownFileType = sourcecode.swift; path = HelpWidgets.swift; sourceTree = "<group>"; };
		35AAB696292A61FB002B0D72 /* ERA.xcdatamodel */ = {isa = PBXFileReference; lastKnownFileType = wrapper.xcdatamodel; path = ERA.xcdatamodel; sourceTree = "<group>"; };
		35AAB698292A84DC002B0D72 /* DataController.swift */ = {isa = PBXFileReference; lastKnownFileType = sourcecode.swift; path = DataController.swift; sourceTree = "<group>"; };
		35B36E9728E639B2009DF703 /* Info.plist */ = {isa = PBXFileReference; lastKnownFileType = text.plist; path = Info.plist; sourceTree = "<group>"; };
		35BCD57A290AB41C00FC5588 /* OptionBar.swift */ = {isa = PBXFileReference; lastKnownFileType = sourcecode.swift; path = OptionBar.swift; sourceTree = "<group>"; };
		35BCD57C290ACA0300FC5588 /* OnboardSubView.swift */ = {isa = PBXFileReference; lastKnownFileType = sourcecode.swift; path = OnboardSubView.swift; sourceTree = "<group>"; };
		35BCD57E290ACA4400FC5588 /* OnboardingView.swift */ = {isa = PBXFileReference; lastKnownFileType = sourcecode.swift; path = OnboardingView.swift; sourceTree = "<group>"; };
		35BEE0DF2913E2B5006AAD86 /* Utils.swift */ = {isa = PBXFileReference; lastKnownFileType = sourcecode.swift; path = Utils.swift; sourceTree = "<group>"; };
		35C5FA5B2905E9B20007ABEB /* Menu.swift */ = {isa = PBXFileReference; lastKnownFileType = sourcecode.swift; path = Menu.swift; sourceTree = "<group>"; };
		35D3B9B428F327E800CA578D /* Settings.swift */ = {isa = PBXFileReference; lastKnownFileType = sourcecode.swift; path = Settings.swift; sourceTree = "<group>"; };
		35F6B593292AD79D007BE260 /* EditDocumentProperties.swift */ = {isa = PBXFileReference; lastKnownFileType = sourcecode.swift; path = EditDocumentProperties.swift; sourceTree = "<group>"; };
/* End PBXFileReference section */

/* Begin PBXFrameworksBuildPhase section */
		356A454928E5C47B0067999E /* Frameworks */ = {
			isa = PBXFrameworksBuildPhase;
			buildActionMask = 2147483647;
			files = (
				35E6F1B0291A806600E7FBDE /* SwiftUITooltip in Frameworks */,
			);
			runOnlyForDeploymentPostprocessing = 0;
		};
/* End PBXFrameworksBuildPhase section */

/* Begin PBXGroup section */
		356A454328E5C47B0067999E = {
			isa = PBXGroup;
			children = (
				356A454E28E5C47B0067999E /* ERA */,
				356A454D28E5C47B0067999E /* Products */,
			);
			sourceTree = "<group>";
		};
		356A454D28E5C47B0067999E /* Products */ = {
			isa = PBXGroup;
			children = (
				356A454C28E5C47B0067999E /* ERA.app */,
			);
			name = Products;
			sourceTree = "<group>";
		};
		356A454E28E5C47B0067999E /* ERA */ = {
			isa = PBXGroup;
			children = (
				35AAB695292A61FB002B0D72 /* ERA.xcdatamodeld */,
				35805C4B28FB5DE900217169 /* views */,
				35B36E9728E639B2009DF703 /* Info.plist */,
				356A454F28E5C47B0067999E /* ERAApp.swift */,
				356A455128E5C47B0067999E /* ContentView.swift */,
				356A455328E5C47E0067999E /* Assets.xcassets */,
				356A455528E5C47E0067999E /* Preview Content */,
				35AAB698292A84DC002B0D72 /* DataController.swift */,
			);
			path = ERA;
			sourceTree = "<group>";
		};
		356A455528E5C47E0067999E /* Preview Content */ = {
			isa = PBXGroup;
			children = (
				356A455628E5C47E0067999E /* Preview Assets.xcassets */,
			);
			path = "Preview Content";
			sourceTree = "<group>";
		};
		35805C4B28FB5DE900217169 /* views */ = {
			isa = PBXGroup;
			children = (
				356A456428E5C61A0067999E /* DocumentCameraView.swift */,
				35D3B9B428F327E800CA578D /* Settings.swift */,
				35805C4C28FB5E0300217169 /* DocumentEditor.swift */,
				35051C4F28FD551200315407 /* DictionaryLookup.swift */,
				35C5FA5B2905E9B20007ABEB /* Menu.swift */,
				3562C29829084C51004497D6 /* Paragraph.swift */,
				35BCD57A290AB41C00FC5588 /* OptionBar.swift */,
				35BCD57C290ACA0300FC5588 /* OnboardSubView.swift */,
				35BCD57E290ACA4400FC5588 /* OnboardingView.swift */,
				3598E738291066FF00F449F6 /* EditPencil.swift */,
				35BEE0DF2913E2B5006AAD86 /* Utils.swift */,
				356E87AF291826F000CB2F0B /* FontPickerWrapper.swift */,
				3585B8B029292A910087BA67 /* FileExplorer.swift */,
				35F6B593292AD79D007BE260 /* EditDocumentProperties.swift */,
				3589C590293BDD6700A805F6 /* Help.swift */,
				35A63FAC2962FE6D007180EF /* HelpWidgets.swift */,
			);
			path = views;
			sourceTree = "<group>";
		};
/* End PBXGroup section */

/* Begin PBXNativeTarget section */
		356A454B28E5C47B0067999E /* ERA */ = {
			isa = PBXNativeTarget;
			buildConfigurationList = 356A455F28E5C47E0067999E /* Build configuration list for PBXNativeTarget "ERA" */;
			buildPhases = (
				356A454828E5C47B0067999E /* Sources */,
				356A454928E5C47B0067999E /* Frameworks */,
				356A454A28E5C47B0067999E /* Resources */,
			);
			buildRules = (
			);
			dependencies = (
			);
			name = ERA;
			packageProductDependencies = (
				35E6F1AF291A806600E7FBDE /* SwiftUITooltip */,
			);
			productName = BionicReading;
			productReference = 356A454C28E5C47B0067999E /* ERA.app */;
			productType = "com.apple.product-type.application";
		};
/* End PBXNativeTarget section */

/* Begin PBXProject section */
		356A454428E5C47B0067999E /* Project object */ = {
			isa = PBXProject;
			attributes = {
				BuildIndependentTargetsInParallel = 1;
				LastSwiftUpdateCheck = 1400;
				LastUpgradeCheck = 1400;
				TargetAttributes = {
					356A454B28E5C47B0067999E = {
						CreatedOnToolsVersion = 14.0.1;
					};
				};
			};
			buildConfigurationList = 356A454728E5C47B0067999E /* Build configuration list for PBXProject "ERA" */;
			compatibilityVersion = "Xcode 14.0";
			developmentRegion = en;
			hasScannedForEncodings = 0;
			knownRegions = (
				en,
				Base,
			);
			mainGroup = 356A454328E5C47B0067999E;
			packageReferences = (
				35E6F1AE291A806600E7FBDE /* XCRemoteSwiftPackageReference "SwiftUI-Tooltip" */,
				3589C58B293BC71000A805F6 /* XCRemoteSwiftPackageReference "ScrollableImage" */,
			);
			productRefGroup = 356A454D28E5C47B0067999E /* Products */;
			projectDirPath = "";
			projectRoot = "";
			targets = (
				356A454B28E5C47B0067999E /* ERA */,
			);
		};
/* End PBXProject section */

/* Begin PBXResourcesBuildPhase section */
		356A454A28E5C47B0067999E /* Resources */ = {
			isa = PBXResourcesBuildPhase;
			buildActionMask = 2147483647;
			files = (
				356A455728E5C47E0067999E /* Preview Assets.xcassets in Resources */,
				356A455428E5C47E0067999E /* Assets.xcassets in Resources */,
			);
			runOnlyForDeploymentPostprocessing = 0;
		};
/* End PBXResourcesBuildPhase section */

/* Begin PBXSourcesBuildPhase section */
		356A454828E5C47B0067999E /* Sources */ = {
			isa = PBXSourcesBuildPhase;
			buildActionMask = 2147483647;
			files = (
				35AAB697292A61FB002B0D72 /* ERA.xcdatamodeld in Sources */,
				35051C5028FD551200315407 /* DictionaryLookup.swift in Sources */,
				35D3B9B528F327E800CA578D /* Settings.swift in Sources */,
				356A456528E5C61A0067999E /* DocumentCameraView.swift in Sources */,
				35BCD57B290AB41C00FC5588 /* OptionBar.swift in Sources */,
				356E87B0291826F000CB2F0B /* FontPickerWrapper.swift in Sources */,
				3589C591293BDD6700A805F6 /* Help.swift in Sources */,
				3562C29929084C51004497D6 /* Paragraph.swift in Sources */,
				35AAB699292A84DC002B0D72 /* DataController.swift in Sources */,
				35805C4D28FB5E0300217169 /* DocumentEditor.swift in Sources */,
				35BEE0E02913E2B5006AAD86 /* Utils.swift in Sources */,
				356A455228E5C47B0067999E /* ContentView.swift in Sources */,
				356A455028E5C47B0067999E /* ERAApp.swift in Sources */,
				3585B8B129292A910087BA67 /* FileExplorer.swift in Sources */,
				35F6B594292AD79D007BE260 /* EditDocumentProperties.swift in Sources */,
				35BCD57D290ACA0300FC5588 /* OnboardSubView.swift in Sources */,
				35A63FAD2962FE6D007180EF /* HelpWidgets.swift in Sources */,
				35C5FA5C2905E9B20007ABEB /* Menu.swift in Sources */,
				3598E739291066FF00F449F6 /* EditPencil.swift in Sources */,
				35BCD57F290ACA4400FC5588 /* OnboardingView.swift in Sources */,
			);
			runOnlyForDeploymentPostprocessing = 0;
		};
/* End PBXSourcesBuildPhase section */

/* Begin XCBuildConfiguration section */
		356A455D28E5C47E0067999E /* Debug */ = {
			isa = XCBuildConfiguration;
			buildSettings = {
				ALWAYS_SEARCH_USER_PATHS = NO;
				CLANG_ANALYZER_NONNULL = YES;
				CLANG_ANALYZER_NUMBER_OBJECT_CONVERSION = YES_AGGRESSIVE;
				CLANG_CXX_LANGUAGE_STANDARD = "gnu++20";
				CLANG_ENABLE_MODULES = YES;
				CLANG_ENABLE_OBJC_ARC = YES;
				CLANG_ENABLE_OBJC_WEAK = YES;
				CLANG_WARN_BLOCK_CAPTURE_AUTORELEASING = YES;
				CLANG_WARN_BOOL_CONVERSION = YES;
				CLANG_WARN_COMMA = YES;
				CLANG_WARN_CONSTANT_CONVERSION = YES;
				CLANG_WARN_DEPRECATED_OBJC_IMPLEMENTATIONS = YES;
				CLANG_WARN_DIRECT_OBJC_ISA_USAGE = YES_ERROR;
				CLANG_WARN_DOCUMENTATION_COMMENTS = YES;
				CLANG_WARN_EMPTY_BODY = YES;
				CLANG_WARN_ENUM_CONVERSION = YES;
				CLANG_WARN_INFINITE_RECURSION = YES;
				CLANG_WARN_INT_CONVERSION = YES;
				CLANG_WARN_NON_LITERAL_NULL_CONVERSION = YES;
				CLANG_WARN_OBJC_IMPLICIT_RETAIN_SELF = YES;
				CLANG_WARN_OBJC_LITERAL_CONVERSION = YES;
				CLANG_WARN_OBJC_ROOT_CLASS = YES_ERROR;
				CLANG_WARN_QUOTED_INCLUDE_IN_FRAMEWORK_HEADER = YES;
				CLANG_WARN_RANGE_LOOP_ANALYSIS = YES;
				CLANG_WARN_STRICT_PROTOTYPES = YES;
				CLANG_WARN_SUSPICIOUS_MOVE = YES;
				CLANG_WARN_UNGUARDED_AVAILABILITY = YES_AGGRESSIVE;
				CLANG_WARN_UNREACHABLE_CODE = YES;
				CLANG_WARN__DUPLICATE_METHOD_MATCH = YES;
				COPY_PHASE_STRIP = NO;
				DEBUG_INFORMATION_FORMAT = dwarf;
				ENABLE_STRICT_OBJC_MSGSEND = YES;
				ENABLE_TESTABILITY = YES;
				GCC_C_LANGUAGE_STANDARD = gnu11;
				GCC_DYNAMIC_NO_PIC = NO;
				GCC_NO_COMMON_BLOCKS = YES;
				GCC_OPTIMIZATION_LEVEL = 0;
				GCC_PREPROCESSOR_DEFINITIONS = (
					"DEBUG=1",
					"$(inherited)",
				);
				GCC_WARN_64_TO_32_BIT_CONVERSION = YES;
				GCC_WARN_ABOUT_RETURN_TYPE = YES_ERROR;
				GCC_WARN_UNDECLARED_SELECTOR = YES;
				GCC_WARN_UNINITIALIZED_AUTOS = YES_AGGRESSIVE;
				GCC_WARN_UNUSED_FUNCTION = YES;
				GCC_WARN_UNUSED_VARIABLE = YES;
				IPHONEOS_DEPLOYMENT_TARGET = 16.0;
				MTL_ENABLE_DEBUG_INFO = INCLUDE_SOURCE;
				MTL_FAST_MATH = YES;
				ONLY_ACTIVE_ARCH = YES;
				SDKROOT = iphoneos;
				SWIFT_ACTIVE_COMPILATION_CONDITIONS = DEBUG;
				SWIFT_OPTIMIZATION_LEVEL = "-Onone";
			};
			name = Debug;
		};
		356A455E28E5C47E0067999E /* Release */ = {
			isa = XCBuildConfiguration;
			buildSettings = {
				ALWAYS_SEARCH_USER_PATHS = NO;
				CLANG_ANALYZER_NONNULL = YES;
				CLANG_ANALYZER_NUMBER_OBJECT_CONVERSION = YES_AGGRESSIVE;
				CLANG_CXX_LANGUAGE_STANDARD = "gnu++20";
				CLANG_ENABLE_MODULES = YES;
				CLANG_ENABLE_OBJC_ARC = YES;
				CLANG_ENABLE_OBJC_WEAK = YES;
				CLANG_WARN_BLOCK_CAPTURE_AUTORELEASING = YES;
				CLANG_WARN_BOOL_CONVERSION = YES;
				CLANG_WARN_COMMA = YES;
				CLANG_WARN_CONSTANT_CONVERSION = YES;
				CLANG_WARN_DEPRECATED_OBJC_IMPLEMENTATIONS = YES;
				CLANG_WARN_DIRECT_OBJC_ISA_USAGE = YES_ERROR;
				CLANG_WARN_DOCUMENTATION_COMMENTS = YES;
				CLANG_WARN_EMPTY_BODY = YES;
				CLANG_WARN_ENUM_CONVERSION = YES;
				CLANG_WARN_INFINITE_RECURSION = YES;
				CLANG_WARN_INT_CONVERSION = YES;
				CLANG_WARN_NON_LITERAL_NULL_CONVERSION = YES;
				CLANG_WARN_OBJC_IMPLICIT_RETAIN_SELF = YES;
				CLANG_WARN_OBJC_LITERAL_CONVERSION = YES;
				CLANG_WARN_OBJC_ROOT_CLASS = YES_ERROR;
				CLANG_WARN_QUOTED_INCLUDE_IN_FRAMEWORK_HEADER = YES;
				CLANG_WARN_RANGE_LOOP_ANALYSIS = YES;
				CLANG_WARN_STRICT_PROTOTYPES = YES;
				CLANG_WARN_SUSPICIOUS_MOVE = YES;
				CLANG_WARN_UNGUARDED_AVAILABILITY = YES_AGGRESSIVE;
				CLANG_WARN_UNREACHABLE_CODE = YES;
				CLANG_WARN__DUPLICATE_METHOD_MATCH = YES;
				COPY_PHASE_STRIP = NO;
				DEBUG_INFORMATION_FORMAT = "dwarf-with-dsym";
				ENABLE_NS_ASSERTIONS = NO;
				ENABLE_STRICT_OBJC_MSGSEND = YES;
				GCC_C_LANGUAGE_STANDARD = gnu11;
				GCC_NO_COMMON_BLOCKS = YES;
				GCC_WARN_64_TO_32_BIT_CONVERSION = YES;
				GCC_WARN_ABOUT_RETURN_TYPE = YES_ERROR;
				GCC_WARN_UNDECLARED_SELECTOR = YES;
				GCC_WARN_UNINITIALIZED_AUTOS = YES_AGGRESSIVE;
				GCC_WARN_UNUSED_FUNCTION = YES;
				GCC_WARN_UNUSED_VARIABLE = YES;
				IPHONEOS_DEPLOYMENT_TARGET = 16.0;
				MTL_ENABLE_DEBUG_INFO = NO;
				MTL_FAST_MATH = YES;
				SDKROOT = iphoneos;
				SWIFT_COMPILATION_MODE = wholemodule;
				SWIFT_OPTIMIZATION_LEVEL = "-O";
				VALIDATE_PRODUCT = YES;
			};
			name = Release;
		};
		356A456028E5C47E0067999E /* Debug */ = {
			isa = XCBuildConfiguration;
			buildSettings = {
				ASSETCATALOG_COMPILER_APPICON_NAME = AppIcon;
				ASSETCATALOG_COMPILER_GLOBAL_ACCENT_COLOR_NAME = AccentColor;
				CODE_SIGN_STYLE = Automatic;
				CURRENT_PROJECT_VERSION = 1;
				DEVELOPMENT_ASSET_PATHS = "\"ERA/Preview Content\"";
				DEVELOPMENT_TEAM = JK92PA7UX6;
				ENABLE_PREVIEWS = YES;
				GENERATE_INFOPLIST_FILE = YES;
				INFOPLIST_FILE = ERA/Info.plist;
				INFOPLIST_KEY_NSCameraUsageDescription = "Camera is used to scan text";
				INFOPLIST_KEY_UIApplicationSceneManifest_Generation = YES;
				INFOPLIST_KEY_UIApplicationSupportsIndirectInputEvents = YES;
				INFOPLIST_KEY_UILaunchScreen_Generation = YES;
				INFOPLIST_KEY_UIStatusBarHidden = NO;
				INFOPLIST_KEY_UIStatusBarStyle = "";
				INFOPLIST_KEY_UISupportedInterfaceOrientations = UIInterfaceOrientationPortrait;
				INFOPLIST_KEY_UISupportedInterfaceOrientations_iPad = "UIInterfaceOrientationLandscapeLeft UIInterfaceOrientationLandscapeRight UIInterfaceOrientationPortrait UIInterfaceOrientationPortraitUpsideDown";
				INFOPLIST_KEY_UISupportsDocumentBrowser = YES;
				IPHONEOS_DEPLOYMENT_TARGET = 15.0;
				LD_RUNPATH_SEARCH_PATHS = (
					"$(inherited)",
					"@executable_path/Frameworks",
				);
				MARKETING_VERSION = 1.2.1;
				PRODUCT_BUNDLE_IDENTIFIER = com.mindcore.era;
				PRODUCT_NAME = "$(TARGET_NAME)";
				SUPPORTED_PLATFORMS = "iphoneos iphonesimulator";
				SUPPORTS_MACCATALYST = NO;
				SUPPORTS_MAC_DESIGNED_FOR_IPHONE_IPAD = NO;
				SWIFT_EMIT_LOC_STRINGS = YES;
				SWIFT_VERSION = 5.0;
				TARGETED_DEVICE_FAMILY = 1;
			};
			name = Debug;
		};
		356A456128E5C47E0067999E /* Release */ = {
			isa = XCBuildConfiguration;
			buildSettings = {
				ASSETCATALOG_COMPILER_APPICON_NAME = AppIcon;
				ASSETCATALOG_COMPILER_GLOBAL_ACCENT_COLOR_NAME = AccentColor;
				CODE_SIGN_STYLE = Automatic;
				CURRENT_PROJECT_VERSION = 1;
				DEVELOPMENT_ASSET_PATHS = "\"ERA/Preview Content\"";
				DEVELOPMENT_TEAM = JK92PA7UX6;
				ENABLE_PREVIEWS = YES;
				GENERATE_INFOPLIST_FILE = YES;
				INFOPLIST_FILE = ERA/Info.plist;
				INFOPLIST_KEY_NSCameraUsageDescription = "Camera is used to scan text";
				INFOPLIST_KEY_UIApplicationSceneManifest_Generation = YES;
				INFOPLIST_KEY_UIApplicationSupportsIndirectInputEvents = YES;
				INFOPLIST_KEY_UILaunchScreen_Generation = YES;
				INFOPLIST_KEY_UIStatusBarHidden = NO;
				INFOPLIST_KEY_UIStatusBarStyle = "";
				INFOPLIST_KEY_UISupportedInterfaceOrientations = UIInterfaceOrientationPortrait;
				INFOPLIST_KEY_UISupportedInterfaceOrientations_iPad = "UIInterfaceOrientationLandscapeLeft UIInterfaceOrientationLandscapeRight UIInterfaceOrientationPortrait UIInterfaceOrientationPortraitUpsideDown";
				INFOPLIST_KEY_UISupportsDocumentBrowser = YES;
				IPHONEOS_DEPLOYMENT_TARGET = 15.0;
				LD_RUNPATH_SEARCH_PATHS = (
					"$(inherited)",
					"@executable_path/Frameworks",
				);
				MARKETING_VERSION = 1.2.1;
				PRODUCT_BUNDLE_IDENTIFIER = com.mindcore.era;
				PRODUCT_NAME = "$(TARGET_NAME)";
				SUPPORTED_PLATFORMS = "iphoneos iphonesimulator";
				SUPPORTS_MACCATALYST = NO;
				SUPPORTS_MAC_DESIGNED_FOR_IPHONE_IPAD = NO;
				SWIFT_EMIT_LOC_STRINGS = YES;
				SWIFT_VERSION = 5.0;
				TARGETED_DEVICE_FAMILY = 1;
			};
			name = Release;
		};
/* End XCBuildConfiguration section */

/* Begin XCConfigurationList section */
		356A454728E5C47B0067999E /* Build configuration list for PBXProject "ERA" */ = {
			isa = XCConfigurationList;
			buildConfigurations = (
				356A455D28E5C47E0067999E /* Debug */,
				356A455E28E5C47E0067999E /* Release */,
			);
			defaultConfigurationIsVisible = 0;
			defaultConfigurationName = Release;
		};
		356A455F28E5C47E0067999E /* Build configuration list for PBXNativeTarget "ERA" */ = {
			isa = XCConfigurationList;
			buildConfigurations = (
				356A456028E5C47E0067999E /* Debug */,
				356A456128E5C47E0067999E /* Release */,
			);
			defaultConfigurationIsVisible = 0;
			defaultConfigurationName = Release;
		};
/* End XCConfigurationList section */

/* Begin XCRemoteSwiftPackageReference section */
		3589C58B293BC71000A805F6 /* XCRemoteSwiftPackageReference "ScrollableImage" */ = {
			isa = XCRemoteSwiftPackageReference;
			repositoryURL = "https://github.com/gtokman/ScrollableImage.git";
			requirement = {
				branch = main;
				kind = branch;
			};
		};
		35E6F1AE291A806600E7FBDE /* XCRemoteSwiftPackageReference "SwiftUI-Tooltip" */ = {
			isa = XCRemoteSwiftPackageReference;
			repositoryURL = "https://github.com/quassum/SwiftUI-Tooltip.git";
			requirement = {
				kind = upToNextMajorVersion;
				minimumVersion = 1.0.0;
			};
		};
/* End XCRemoteSwiftPackageReference section */

/* Begin XCSwiftPackageProductDependency section */
		35E6F1AF291A806600E7FBDE /* SwiftUITooltip */ = {
			isa = XCSwiftPackageProductDependency;
			package = 35E6F1AE291A806600E7FBDE /* XCRemoteSwiftPackageReference "SwiftUI-Tooltip" */;
			productName = SwiftUITooltip;
		};
/* End XCSwiftPackageProductDependency section */

/* Begin XCVersionGroup section */
		35AAB695292A61FB002B0D72 /* ERA.xcdatamodeld */ = {
			isa = XCVersionGroup;
			children = (
				35AAB696292A61FB002B0D72 /* ERA.xcdatamodel */,
			);
			currentVersion = 35AAB696292A61FB002B0D72 /* ERA.xcdatamodel */;
			path = ERA.xcdatamodeld;
			sourceTree = SOURCE_ROOT;
			versionGroupType = wrapper.xcdatamodel;
		};
/* End XCVersionGroup section */
	};
	rootObject = 356A454428E5C47B0067999E /* Project object */;
}
