// !$*UTF8*$!
{
	archiveVersion = 1;
	classes = {
	};
	objectVersion = 56;
	objects = {

/* Begin PBXBuildFile section */
		35051C5028FD551200315407 /* Lookup.swift in Sources */ = {isa = PBXBuildFile; fileRef = 35051C4F28FD551200315407 /* Lookup.swift */; };
		353437BB2901664C003917A0 /* PDFHandler.swift in Sources */ = {isa = PBXBuildFile; fileRef = 353437BA2901664C003917A0 /* PDFHandler.swift */; };
		356A455028E5C47B0067999E /* BionicReadingApp.swift in Sources */ = {isa = PBXBuildFile; fileRef = 356A454F28E5C47B0067999E /* BionicReadingApp.swift */; };
		356A455228E5C47B0067999E /* ContentView.swift in Sources */ = {isa = PBXBuildFile; fileRef = 356A455128E5C47B0067999E /* ContentView.swift */; };
		356A455428E5C47E0067999E /* Assets.xcassets in Resources */ = {isa = PBXBuildFile; fileRef = 356A455328E5C47E0067999E /* Assets.xcassets */; };
		356A455728E5C47E0067999E /* Preview Assets.xcassets in Resources */ = {isa = PBXBuildFile; fileRef = 356A455628E5C47E0067999E /* Preview Assets.xcassets */; };
		356A455928E5C47E0067999E /* Persistence.swift in Sources */ = {isa = PBXBuildFile; fileRef = 356A455828E5C47E0067999E /* Persistence.swift */; };
		356A455C28E5C47E0067999E /* BionicReading.xcdatamodeld in Sources */ = {isa = PBXBuildFile; fileRef = 356A455A28E5C47E0067999E /* BionicReading.xcdatamodeld */; };
		356A456528E5C61A0067999E /* DocumentCameraView.swift in Sources */ = {isa = PBXBuildFile; fileRef = 356A456428E5C61A0067999E /* DocumentCameraView.swift */; };
		35805C4D28FB5E0300217169 /* Home.swift in Sources */ = {isa = PBXBuildFile; fileRef = 35805C4C28FB5E0300217169 /* Home.swift */; };
		35CF1D5F2900A1CC004176DB /* WrappingHStack in Frameworks */ = {isa = PBXBuildFile; productRef = 35CF1D5E2900A1CC004176DB /* WrappingHStack */; };
		35D3B9B528F327E800CA578D /* Settings.swift in Sources */ = {isa = PBXBuildFile; fileRef = 35D3B9B428F327E800CA578D /* Settings.swift */; };
		35D3B9B728F32FC500CA578D /* CustomFontPicker.swift in Sources */ = {isa = PBXBuildFile; fileRef = 35D3B9B628F32FC500CA578D /* CustomFontPicker.swift */; };
		35D3B9B928F33CFD00CA578D /* Scan.swift in Sources */ = {isa = PBXBuildFile; fileRef = 35D3B9B828F33CFC00CA578D /* Scan.swift */; };
		35F0A47D28F4BBB900A95D17 /* CustomPDFView.swift in Sources */ = {isa = PBXBuildFile; fileRef = 35F0A47C28F4BBB900A95D17 /* CustomPDFView.swift */; };
/* End PBXBuildFile section */

/* Begin PBXFileReference section */
		35051C4F28FD551200315407 /* Lookup.swift */ = {isa = PBXFileReference; lastKnownFileType = sourcecode.swift; path = Lookup.swift; sourceTree = "<group>"; };
		353437BA2901664C003917A0 /* PDFHandler.swift */ = {isa = PBXFileReference; lastKnownFileType = sourcecode.swift; path = PDFHandler.swift; sourceTree = "<group>"; };
		356A454C28E5C47B0067999E /* BionicReading.app */ = {isa = PBXFileReference; explicitFileType = wrapper.application; includeInIndex = 0; path = BionicReading.app; sourceTree = BUILT_PRODUCTS_DIR; };
		356A454F28E5C47B0067999E /* BionicReadingApp.swift */ = {isa = PBXFileReference; lastKnownFileType = sourcecode.swift; path = BionicReadingApp.swift; sourceTree = "<group>"; };
		356A455128E5C47B0067999E /* ContentView.swift */ = {isa = PBXFileReference; lastKnownFileType = sourcecode.swift; path = ContentView.swift; sourceTree = "<group>"; };
		356A455328E5C47E0067999E /* Assets.xcassets */ = {isa = PBXFileReference; lastKnownFileType = folder.assetcatalog; path = Assets.xcassets; sourceTree = "<group>"; };
		356A455628E5C47E0067999E /* Preview Assets.xcassets */ = {isa = PBXFileReference; lastKnownFileType = folder.assetcatalog; path = "Preview Assets.xcassets"; sourceTree = "<group>"; };
		356A455828E5C47E0067999E /* Persistence.swift */ = {isa = PBXFileReference; lastKnownFileType = sourcecode.swift; path = Persistence.swift; sourceTree = "<group>"; };
		356A455B28E5C47E0067999E /* BionicReading.xcdatamodel */ = {isa = PBXFileReference; lastKnownFileType = wrapper.xcdatamodel; path = BionicReading.xcdatamodel; sourceTree = "<group>"; };
		356A456428E5C61A0067999E /* DocumentCameraView.swift */ = {isa = PBXFileReference; lastKnownFileType = sourcecode.swift; path = DocumentCameraView.swift; sourceTree = "<group>"; };
		35805C4C28FB5E0300217169 /* Home.swift */ = {isa = PBXFileReference; lastKnownFileType = sourcecode.swift; path = Home.swift; sourceTree = "<group>"; };
		35B36E9728E639B2009DF703 /* Info.plist */ = {isa = PBXFileReference; lastKnownFileType = text.plist; path = Info.plist; sourceTree = "<group>"; };
		35D3B9B428F327E800CA578D /* Settings.swift */ = {isa = PBXFileReference; lastKnownFileType = sourcecode.swift; path = Settings.swift; sourceTree = "<group>"; };
		35D3B9B628F32FC500CA578D /* CustomFontPicker.swift */ = {isa = PBXFileReference; lastKnownFileType = sourcecode.swift; path = CustomFontPicker.swift; sourceTree = "<group>"; };
		35D3B9B828F33CFC00CA578D /* Scan.swift */ = {isa = PBXFileReference; lastKnownFileType = sourcecode.swift; path = Scan.swift; sourceTree = "<group>"; };
		35F0A47C28F4BBB900A95D17 /* CustomPDFView.swift */ = {isa = PBXFileReference; lastKnownFileType = sourcecode.swift; path = CustomPDFView.swift; sourceTree = "<group>"; };
/* End PBXFileReference section */

/* Begin PBXFrameworksBuildPhase section */
		356A454928E5C47B0067999E /* Frameworks */ = {
			isa = PBXFrameworksBuildPhase;
			buildActionMask = 2147483647;
			files = (
				35CF1D5F2900A1CC004176DB /* WrappingHStack in Frameworks */,
			);
			runOnlyForDeploymentPostprocessing = 0;
		};
/* End PBXFrameworksBuildPhase section */

/* Begin PBXGroup section */
		356A454328E5C47B0067999E = {
			isa = PBXGroup;
			children = (
				356A454E28E5C47B0067999E /* BionicReading */,
				356A454D28E5C47B0067999E /* Products */,
			);
			sourceTree = "<group>";
		};
		356A454D28E5C47B0067999E /* Products */ = {
			isa = PBXGroup;
			children = (
				356A454C28E5C47B0067999E /* BionicReading.app */,
			);
			name = Products;
			sourceTree = "<group>";
		};
		356A454E28E5C47B0067999E /* BionicReading */ = {
			isa = PBXGroup;
			children = (
				35805C4B28FB5DE900217169 /* views */,
				35B36E9728E639B2009DF703 /* Info.plist */,
				356A454F28E5C47B0067999E /* BionicReadingApp.swift */,
				356A455128E5C47B0067999E /* ContentView.swift */,
				356A455328E5C47E0067999E /* Assets.xcassets */,
				356A455828E5C47E0067999E /* Persistence.swift */,
				356A455A28E5C47E0067999E /* BionicReading.xcdatamodeld */,
				356A455528E5C47E0067999E /* Preview Content */,
				35D3B9B828F33CFC00CA578D /* Scan.swift */,
				35F0A47C28F4BBB900A95D17 /* CustomPDFView.swift */,
			);
			path = BionicReading;
			sourceTree = "<group>";
		};
		356A455528E5C47E0067999E /* Preview Content */ = {
			isa = PBXGroup;
			children = (
				356A455628E5C47E0067999E /* Preview Assets.xcassets */,
			);
			path = "Preview Content";
			sourceTree = "<group>";
		};
		35805C4B28FB5DE900217169 /* views */ = {
			isa = PBXGroup;
			children = (
				35D3B9B628F32FC500CA578D /* CustomFontPicker.swift */,
				356A456428E5C61A0067999E /* DocumentCameraView.swift */,
				35D3B9B428F327E800CA578D /* Settings.swift */,
				35805C4C28FB5E0300217169 /* Home.swift */,
				35051C4F28FD551200315407 /* Lookup.swift */,
				353437BA2901664C003917A0 /* PDFHandler.swift */,
			);
			path = views;
			sourceTree = "<group>";
		};
/* End PBXGroup section */

/* Begin PBXNativeTarget section */
		356A454B28E5C47B0067999E /* BionicReading */ = {
			isa = PBXNativeTarget;
			buildConfigurationList = 356A455F28E5C47E0067999E /* Build configuration list for PBXNativeTarget "BionicReading" */;
			buildPhases = (
				356A454828E5C47B0067999E /* Sources */,
				356A454928E5C47B0067999E /* Frameworks */,
				356A454A28E5C47B0067999E /* Resources */,
			);
			buildRules = (
			);
			dependencies = (
			);
			name = BionicReading;
			packageProductDependencies = (
				35CF1D5E2900A1CC004176DB /* WrappingHStack */,
			);
			productName = BionicReading;
			productReference = 356A454C28E5C47B0067999E /* BionicReading.app */;
			productType = "com.apple.product-type.application";
		};
/* End PBXNativeTarget section */

/* Begin PBXProject section */
		356A454428E5C47B0067999E /* Project object */ = {
			isa = PBXProject;
			attributes = {
				BuildIndependentTargetsInParallel = 1;
				LastSwiftUpdateCheck = 1400;
				LastUpgradeCheck = 1400;
				TargetAttributes = {
					356A454B28E5C47B0067999E = {
						CreatedOnToolsVersion = 14.0.1;
					};
				};
			};
			buildConfigurationList = 356A454728E5C47B0067999E /* Build configuration list for PBXProject "BionicReading" */;
			compatibilityVersion = "Xcode 14.0";
			developmentRegion = en;
			hasScannedForEncodings = 0;
			knownRegions = (
				en,
				Base,
			);
			mainGroup = 356A454328E5C47B0067999E;
			packageReferences = (
				35CF1D5D2900A1CC004176DB /* XCRemoteSwiftPackageReference "WrappingHStack" */,
			);
			productRefGroup = 356A454D28E5C47B0067999E /* Products */;
			projectDirPath = "";
			projectRoot = "";
			targets = (
				356A454B28E5C47B0067999E /* BionicReading */,
			);
		};
/* End PBXProject section */

/* Begin PBXResourcesBuildPhase section */
		356A454A28E5C47B0067999E /* Resources */ = {
			isa = PBXResourcesBuildPhase;
			buildActionMask = 2147483647;
			files = (
				356A455728E5C47E0067999E /* Preview Assets.xcassets in Resources */,
				356A455428E5C47E0067999E /* Assets.xcassets in Resources */,
			);
			runOnlyForDeploymentPostprocessing = 0;
		};
/* End PBXResourcesBuildPhase section */

/* Begin PBXSourcesBuildPhase section */
		356A454828E5C47B0067999E /* Sources */ = {
			isa = PBXSourcesBuildPhase;
			buildActionMask = 2147483647;
			files = (
				35051C5028FD551200315407 /* Lookup.swift in Sources */,
				35D3B9B528F327E800CA578D /* Settings.swift in Sources */,
				356A456528E5C61A0067999E /* DocumentCameraView.swift in Sources */,
				353437BB2901664C003917A0 /* PDFHandler.swift in Sources */,
				35805C4D28FB5E0300217169 /* Home.swift in Sources */,
				35D3B9B928F33CFD00CA578D /* Scan.swift in Sources */,
				356A455C28E5C47E0067999E /* BionicReading.xcdatamodeld in Sources */,
				356A455928E5C47E0067999E /* Persistence.swift in Sources */,
				356A455228E5C47B0067999E /* ContentView.swift in Sources */,
				356A455028E5C47B0067999E /* BionicReadingApp.swift in Sources */,
				35D3B9B728F32FC500CA578D /* CustomFontPicker.swift in Sources */,
				35F0A47D28F4BBB900A95D17 /* CustomPDFView.swift in Sources */,
			);
			runOnlyForDeploymentPostprocessing = 0;
		};
/* End PBXSourcesBuildPhase section */

/* Begin XCBuildConfiguration section */
		356A455D28E5C47E0067999E /* Debug */ = {
			isa = XCBuildConfiguration;
			buildSettings = {
				ALWAYS_SEARCH_USER_PATHS = NO;
				CLANG_ANALYZER_NONNULL = YES;
				CLANG_ANALYZER_NUMBER_OBJECT_CONVERSION = YES_AGGRESSIVE;
				CLANG_CXX_LANGUAGE_STANDARD = "gnu++20";
				CLANG_ENABLE_MODULES = YES;
				CLANG_ENABLE_OBJC_ARC = YES;
				CLANG_ENABLE_OBJC_WEAK = YES;
				CLANG_WARN_BLOCK_CAPTURE_AUTORELEASING = YES;
				CLANG_WARN_BOOL_CONVERSION = YES;
				CLANG_WARN_COMMA = YES;
				CLANG_WARN_CONSTANT_CONVERSION = YES;
				CLANG_WARN_DEPRECATED_OBJC_IMPLEMENTATIONS = YES;
				CLANG_WARN_DIRECT_OBJC_ISA_USAGE = YES_ERROR;
				CLANG_WARN_DOCUMENTATION_COMMENTS = YES;
				CLANG_WARN_EMPTY_BODY = YES;
				CLANG_WARN_ENUM_CONVERSION = YES;
				CLANG_WARN_INFINITE_RECURSION = YES;
				CLANG_WARN_INT_CONVERSION = YES;
				CLANG_WARN_NON_LITERAL_NULL_CONVERSION = YES;
				CLANG_WARN_OBJC_IMPLICIT_RETAIN_SELF = YES;
				CLANG_WARN_OBJC_LITERAL_CONVERSION = YES;
				CLANG_WARN_OBJC_ROOT_CLASS = YES_ERROR;
				CLANG_WARN_QUOTED_INCLUDE_IN_FRAMEWORK_HEADER = YES;
				CLANG_WARN_RANGE_LOOP_ANALYSIS = YES;
				CLANG_WARN_STRICT_PROTOTYPES = YES;
				CLANG_WARN_SUSPICIOUS_MOVE = YES;
				CLANG_WARN_UNGUARDED_AVAILABILITY = YES_AGGRESSIVE;
				CLANG_WARN_UNREACHABLE_CODE = YES;
				CLANG_WARN__DUPLICATE_METHOD_MATCH = YES;
				COPY_PHASE_STRIP = NO;
				DEBUG_INFORMATION_FORMAT = dwarf;
				ENABLE_STRICT_OBJC_MSGSEND = YES;
				ENABLE_TESTABILITY = YES;
				GCC_C_LANGUAGE_STANDARD = gnu11;
				GCC_DYNAMIC_NO_PIC = NO;
				GCC_NO_COMMON_BLOCKS = YES;
				GCC_OPTIMIZATION_LEVEL = 0;
				GCC_PREPROCESSOR_DEFINITIONS = (
					"DEBUG=1",
					"$(inherited)",
				);
				GCC_WARN_64_TO_32_BIT_CONVERSION = YES;
				GCC_WARN_ABOUT_RETURN_TYPE = YES_ERROR;
				GCC_WARN_UNDECLARED_SELECTOR = YES;
				GCC_WARN_UNINITIALIZED_AUTOS = YES_AGGRESSIVE;
				GCC_WARN_UNUSED_FUNCTION = YES;
				GCC_WARN_UNUSED_VARIABLE = YES;
				IPHONEOS_DEPLOYMENT_TARGET = 16.0;
				MTL_ENABLE_DEBUG_INFO = INCLUDE_SOURCE;
				MTL_FAST_MATH = YES;
				ONLY_ACTIVE_ARCH = YES;
				SDKROOT = iphoneos;
				SWIFT_ACTIVE_COMPILATION_CONDITIONS = DEBUG;
				SWIFT_OPTIMIZATION_LEVEL = "-Onone";
			};
			name = Debug;
		};
		356A455E28E5C47E0067999E /* Release */ = {
			isa = XCBuildConfiguration;
			buildSettings = {
				ALWAYS_SEARCH_USER_PATHS = NO;
				CLANG_ANALYZER_NONNULL = YES;
				CLANG_ANALYZER_NUMBER_OBJECT_CONVERSION = YES_AGGRESSIVE;
				CLANG_CXX_LANGUAGE_STANDARD = "gnu++20";
				CLANG_ENABLE_MODULES = YES;
				CLANG_ENABLE_OBJC_ARC = YES;
				CLANG_ENABLE_OBJC_WEAK = YES;
				CLANG_WARN_BLOCK_CAPTURE_AUTORELEASING = YES;
				CLANG_WARN_BOOL_CONVERSION = YES;
				CLANG_WARN_COMMA = YES;
				CLANG_WARN_CONSTANT_CONVERSION = YES;
				CLANG_WARN_DEPRECATED_OBJC_IMPLEMENTATIONS = YES;
				CLANG_WARN_DIRECT_OBJC_ISA_USAGE = YES_ERROR;
				CLANG_WARN_DOCUMENTATION_COMMENTS = YES;
				CLANG_WARN_EMPTY_BODY = YES;
				CLANG_WARN_ENUM_CONVERSION = YES;
				CLANG_WARN_INFINITE_RECURSION = YES;
				CLANG_WARN_INT_CONVERSION = YES;
				CLANG_WARN_NON_LITERAL_NULL_CONVERSION = YES;
				CLANG_WARN_OBJC_IMPLICIT_RETAIN_SELF = YES;
				CLANG_WARN_OBJC_LITERAL_CONVERSION = YES;
				CLANG_WARN_OBJC_ROOT_CLASS = YES_ERROR;
				CLANG_WARN_QUOTED_INCLUDE_IN_FRAMEWORK_HEADER = YES;
				CLANG_WARN_RANGE_LOOP_ANALYSIS = YES;
				CLANG_WARN_STRICT_PROTOTYPES = YES;
				CLANG_WARN_SUSPICIOUS_MOVE = YES;
				CLANG_WARN_UNGUARDED_AVAILABILITY = YES_AGGRESSIVE;
				CLANG_WARN_UNREACHABLE_CODE = YES;
				CLANG_WARN__DUPLICATE_METHOD_MATCH = YES;
				COPY_PHASE_STRIP = NO;
				DEBUG_INFORMATION_FORMAT = "dwarf-with-dsym";
				ENABLE_NS_ASSERTIONS = NO;
				ENABLE_STRICT_OBJC_MSGSEND = YES;
				GCC_C_LANGUAGE_STANDARD = gnu11;
				GCC_NO_COMMON_BLOCKS = YES;
				GCC_WARN_64_TO_32_BIT_CONVERSION = YES;
				GCC_WARN_ABOUT_RETURN_TYPE = YES_ERROR;
				GCC_WARN_UNDECLARED_SELECTOR = YES;
				GCC_WARN_UNINITIALIZED_AUTOS = YES_AGGRESSIVE;
				GCC_WARN_UNUSED_FUNCTION = YES;
				GCC_WARN_UNUSED_VARIABLE = YES;
				IPHONEOS_DEPLOYMENT_TARGET = 16.0;
				MTL_ENABLE_DEBUG_INFO = NO;
				MTL_FAST_MATH = YES;
				SDKROOT = iphoneos;
				SWIFT_COMPILATION_MODE = wholemodule;
				SWIFT_OPTIMIZATION_LEVEL = "-O";
				VALIDATE_PRODUCT = YES;
			};
			name = Release;
		};
		356A456028E5C47E0067999E /* Debug */ = {
			isa = XCBuildConfiguration;
			buildSettings = {
				ASSETCATALOG_COMPILER_APPICON_NAME = AppIcon;
				ASSETCATALOG_COMPILER_GLOBAL_ACCENT_COLOR_NAME = AccentColor;
				CODE_SIGN_STYLE = Automatic;
				CURRENT_PROJECT_VERSION = 1;
				DEVELOPMENT_ASSET_PATHS = "\"BionicReading/Preview Content\"";
				DEVELOPMENT_TEAM = QG8B692V27;
				ENABLE_PREVIEWS = YES;
				GENERATE_INFOPLIST_FILE = YES;
				INFOPLIST_FILE = BionicReading/Info.plist;
				INFOPLIST_KEY_NSCameraUsageDescription = "Camera is used to scan text";
				INFOPLIST_KEY_UIApplicationSceneManifest_Generation = YES;
				INFOPLIST_KEY_UIApplicationSupportsIndirectInputEvents = YES;
				INFOPLIST_KEY_UILaunchScreen_Generation = YES;
				INFOPLIST_KEY_UISupportedInterfaceOrientations_iPad = "UIInterfaceOrientationPortrait UIInterfaceOrientationPortraitUpsideDown UIInterfaceOrientationLandscapeLeft UIInterfaceOrientationLandscapeRight";
				INFOPLIST_KEY_UISupportedInterfaceOrientations_iPhone = "UIInterfaceOrientationPortrait UIInterfaceOrientationLandscapeLeft UIInterfaceOrientationLandscapeRight";
				INFOPLIST_KEY_UISupportsDocumentBrowser = YES;
				LD_RUNPATH_SEARCH_PATHS = (
					"$(inherited)",
					"@executable_path/Frameworks",
				);
				MARKETING_VERSION = 1.0;
				PRODUCT_BUNDLE_IDENTIFIER = "sid-shakthivel.BionicReading";
				PRODUCT_NAME = "$(TARGET_NAME)";
				SWIFT_EMIT_LOC_STRINGS = YES;
				SWIFT_VERSION = 5.0;
				TARGETED_DEVICE_FAMILY = "1,2";
			};
			name = Debug;
		};
		356A456128E5C47E0067999E /* Release */ = {
			isa = XCBuildConfiguration;
			buildSettings = {
				ASSETCATALOG_COMPILER_APPICON_NAME = AppIcon;
				ASSETCATALOG_COMPILER_GLOBAL_ACCENT_COLOR_NAME = AccentColor;
				CODE_SIGN_STYLE = Automatic;
				CURRENT_PROJECT_VERSION = 1;
				DEVELOPMENT_ASSET_PATHS = "\"BionicReading/Preview Content\"";
				DEVELOPMENT_TEAM = QG8B692V27;
				ENABLE_PREVIEWS = YES;
				GENERATE_INFOPLIST_FILE = YES;
				INFOPLIST_FILE = BionicReading/Info.plist;
				INFOPLIST_KEY_NSCameraUsageDescription = "Camera is used to scan text";
				INFOPLIST_KEY_UIApplicationSceneManifest_Generation = YES;
				INFOPLIST_KEY_UIApplicationSupportsIndirectInputEvents = YES;
				INFOPLIST_KEY_UILaunchScreen_Generation = YES;
				INFOPLIST_KEY_UISupportedInterfaceOrientations_iPad = "UIInterfaceOrientationPortrait UIInterfaceOrientationPortraitUpsideDown UIInterfaceOrientationLandscapeLeft UIInterfaceOrientationLandscapeRight";
				INFOPLIST_KEY_UISupportedInterfaceOrientations_iPhone = "UIInterfaceOrientationPortrait UIInterfaceOrientationLandscapeLeft UIInterfaceOrientationLandscapeRight";
				INFOPLIST_KEY_UISupportsDocumentBrowser = YES;
				LD_RUNPATH_SEARCH_PATHS = (
					"$(inherited)",
					"@executable_path/Frameworks",
				);
				MARKETING_VERSION = 1.0;
				PRODUCT_BUNDLE_IDENTIFIER = "sid-shakthivel.BionicReading";
				PRODUCT_NAME = "$(TARGET_NAME)";
				SWIFT_EMIT_LOC_STRINGS = YES;
				SWIFT_VERSION = 5.0;
				TARGETED_DEVICE_FAMILY = "1,2";
			};
			name = Release;
		};
/* End XCBuildConfiguration section */

/* Begin XCConfigurationList section */
		356A454728E5C47B0067999E /* Build configuration list for PBXProject "BionicReading" */ = {
			isa = XCConfigurationList;
			buildConfigurations = (
				356A455D28E5C47E0067999E /* Debug */,
				356A455E28E5C47E0067999E /* Release */,
			);
			defaultConfigurationIsVisible = 0;
			defaultConfigurationName = Release;
		};
		356A455F28E5C47E0067999E /* Build configuration list for PBXNativeTarget "BionicReading" */ = {
			isa = XCConfigurationList;
			buildConfigurations = (
				356A456028E5C47E0067999E /* Debug */,
				356A456128E5C47E0067999E /* Release */,
			);
			defaultConfigurationIsVisible = 0;
			defaultConfigurationName = Release;
		};
/* End XCConfigurationList section */

/* Begin XCRemoteSwiftPackageReference section */
		35CF1D5D2900A1CC004176DB /* XCRemoteSwiftPackageReference "WrappingHStack" */ = {
			isa = XCRemoteSwiftPackageReference;
			repositoryURL = "https://github.com/dkk/WrappingHStack";
			requirement = {
				kind = upToNextMajorVersion;
				minimumVersion = 2.0.0;
			};
		};
/* End XCRemoteSwiftPackageReference section */

/* Begin XCSwiftPackageProductDependency section */
		35CF1D5E2900A1CC004176DB /* WrappingHStack */ = {
			isa = XCSwiftPackageProductDependency;
			package = 35CF1D5D2900A1CC004176DB /* XCRemoteSwiftPackageReference "WrappingHStack" */;
			productName = WrappingHStack;
		};
/* End XCSwiftPackageProductDependency section */

/* Begin XCVersionGroup section */
		356A455A28E5C47E0067999E /* BionicReading.xcdatamodeld */ = {
			isa = XCVersionGroup;
			children = (
				356A455B28E5C47E0067999E /* BionicReading.xcdatamodel */,
			);
			currentVersion = 356A455B28E5C47E0067999E /* BionicReading.xcdatamodel */;
			path = BionicReading.xcdatamodeld;
			sourceTree = "<group>";
			versionGroupType = wrapper.xcdatamodel;
		};
/* End XCVersionGroup section */
	};
	rootObject = 356A454428E5C47B0067999E /* Project object */;
}
